
Microsoft Visual Studio Solution File, Format Version 12.00
# Visual Studio Version 16
VisualStudioVersion = 16.0.30225.117
MinimumVisualStudioVersion = 10.0.40219.1
Project("{FAE04EC0-301F-11D3-BF4B-00C04F79EFBC}") = "VTSystemV2", "VTSystemV2\VTSystemV2.csproj", "{1FAF7DFF-F916-4B97-8C59-AD47518A0EA6}"
EndProject
Project("{FAE04EC0-301F-11D3-BF4B-00C04F79EFBC}") = "ClientVoting", "ClientVoting\ClientVoting.csproj", "{D83BCD0B-718E-44DF-B8FA-633743C61CD6}"
EndProject
Global
	GlobalSection(SolutionConfigurationPlatforms) = preSolution
		Debug|Any CPU = Debug|Any CPU
		Release|Any CPU = Release|Any CPU
	EndGlobalSection
	GlobalSection(ProjectConfigurationPlatforms) = postSolution
		{1FAF7DFF-F916-4B97-8C59-AD47518A0EA6}.Debug|Any CPU.ActiveCfg = Debug|Any CPU
		{1FAF7DFF-F916-4B97-8C59-AD47518A0EA6}.Debug|Any CPU.Build.0 = Debug|Any CPU
		{1FAF7DFF-F916-4B97-8C59-AD47518A0EA6}.Release|Any CPU.ActiveCfg = Release|Any CPU
		{1FAF7DFF-F916-4B97-8C59-AD47518A0EA6}.Release|Any CPU.Build.0 = Release|Any CPU
		{D83BCD0B-718E-44DF-B8FA-633743C61CD6}.Debug|Any CPU.ActiveCfg = Debug|Any CPU
		{D83BCD0B-718E-44DF-B8FA-633743C61CD6}.Debug|Any CPU.Build.0 = Debug|Any CPU
		{D83BCD0B-718E-44DF-B8FA-633743C61CD6}.Release|Any CPU.ActiveCfg = Release|Any CPU
		{D83BCD0B-718E-44DF-B8FA-633743C61CD6}.Release|Any CPU.Build.0 = Release|Any CPU
	EndGlobalSection
	GlobalSection(SolutionProperties) = preSolution
		HideSolutionNode = FALSE
	EndGlobalSection
	GlobalSection(ExtensibilityGlobals) = postSolution
		SolutionGuid = {755CA463-043D-4C13-8FDE-FE75F4B79703}
	EndGlobalSection
EndGlobal
